
Microsoft Visual Studio Solution File, Format Version 12.00
# Visual Studio 15
VisualStudioVersion = 15.0.27004.2010
MinimumVisualStudioVersion = 10.0.40219.1
Project("{FAE04EC0-301F-11D3-BF4B-00C04F79EFBC}") = "GrayScaleConverter", "Common\GrayScaleConverter\GrayScaleConverter.csproj", "{693BFE85-7DA2-476F-95E3-801CB72D0F6E}"
EndProject
Project("{FAE04EC0-301F-11D3-BF4B-00C04F79EFBC}") = "GrayScaleBenchmark", "GrayScaleBenchmark\GrayScaleBenchmark.csproj", "{D0AE97A7-36BA-48FF-AAA3-175334069C6F}"
EndProject
Project("{FAE04EC0-301F-11D3-BF4B-00C04F79EFBC}") = "MasterStandalone", "MasterStandalone\MasterStandalone.csproj", "{60839888-144C-414D-B323-258AB5A46B2C}"
EndProject
Project("{FAE04EC0-301F-11D3-BF4B-00C04F79EFBC}") = "ScreenConnection", "Common\ScreenConnection\ScreenConnection.csproj", "{D3DD47A1-14B8-4190-A7B2-67DF3E612457}"
EndProject
Project("{8BC9CEB8-8B4A-11D0-8D11-00A0C91BC942}") = "EINK_RECEIVER_RPIZ", "EINK_RECEIVER_RPIZ\EINK_RECEIVER_RPIZ.vcxproj", "{608CFA0C-AAA4-4C07-9319-E4793E7E0D2E}"
EndProject
Project("{2150E333-8FDC-42A3-9474-1A3956D46DE8}") = "Common", "Common", "{5A646CAE-E720-48F0-BD22-3066240BF6E5}"
EndProject
Project("{FAE04EC0-301F-11D3-BF4B-00C04F79EFBC}") = "MasterModuleCommon", "Common\MasterModuleCommon\MasterModuleCommon.csproj", "{99FDA50C-19A1-4574-ADB1-862999B5352C}"
EndProject
Project("{2150E333-8FDC-42A3-9474-1A3956D46DE8}") = "Modules", "Modules", "{72BC6579-D242-49A2-BBA5-590E66912B98}"
EndProject
Project("{FAE04EC0-301F-11D3-BF4B-00C04F79EFBC}") = "MasterControlServiceWCF", "Common\MasterControlServiceWCF\MasterControlServiceWCF.csproj", "{25B4C4A2-2C7F-4AF9-84AD-F86BE8D95FAC}"
EndProject
Project("{FAE04EC0-301F-11D3-BF4B-00C04F79EFBC}") = "MasterControlService", "MasterControlService\MasterControlService.csproj", "{94270C57-5EFE-44F8-AB59-E3DAA8C29FCF}"
	ProjectSection(ProjectDependencies) = postProject
		{81967A4A-C30A-43ED-AA91-2FF7778690A5} = {81967A4A-C30A-43ED-AA91-2FF7778690A5}
		{8C22F75F-CF8D-4FEE-A363-5CD5AB8F5A91} = {8C22F75F-CF8D-4FEE-A363-5CD5AB8F5A91}
	EndProjectSection
EndProject
Project("{2150E333-8FDC-42A3-9474-1A3956D46DE8}") = "Graphics", "Graphics", "{FDD40AF8-82C3-4961-B86C-D331A004239D}"
EndProject
Project("{FAE04EC0-301F-11D3-BF4B-00C04F79EFBC}") = "FileGraphics", "Modules\Graphics\FileGraphics\FileGraphics.csproj", "{8C22F75F-CF8D-4FEE-A363-5CD5AB8F5A91}"
	ProjectSection(ProjectDependencies) = postProject
		{99FDA50C-19A1-4574-ADB1-862999B5352C} = {99FDA50C-19A1-4574-ADB1-862999B5352C}
	EndProjectSection
EndProject
Project("{FAE04EC0-301F-11D3-BF4B-00C04F79EFBC}") = "DrawfriendPonyGraphics", "DrawfriendPonyGraphics\DrawfriendPonyGraphics.csproj", "{81967A4A-C30A-43ED-AA91-2FF7778690A5}"
EndProject
Project("{8BC9CEB8-8B4A-11D0-8D11-00A0C91BC942}") = "MasterControlExtScreen", "MasterControlExtScreen\MasterControlExtScreen.vcxproj", "{C5F80730-F44F-4478-BDAE-6634EFC2CA88}"
EndProject
Global
	GlobalSection(SolutionConfigurationPlatforms) = preSolution
		Debug|Any CPU = Debug|Any CPU
		Debug|ARM = Debug|ARM
		Debug|x86 = Debug|x86
		Release|Any CPU = Release|Any CPU
		Release|ARM = Release|ARM
		Release|x86 = Release|x86
	EndGlobalSection
	GlobalSection(ProjectConfigurationPlatforms) = postSolution
		{693BFE85-7DA2-476F-95E3-801CB72D0F6E}.Debug|Any CPU.ActiveCfg = Debug|Any CPU
		{693BFE85-7DA2-476F-95E3-801CB72D0F6E}.Debug|Any CPU.Build.0 = Debug|Any CPU
		{693BFE85-7DA2-476F-95E3-801CB72D0F6E}.Debug|ARM.ActiveCfg = Debug|Any CPU
		{693BFE85-7DA2-476F-95E3-801CB72D0F6E}.Debug|ARM.Build.0 = Debug|Any CPU
		{693BFE85-7DA2-476F-95E3-801CB72D0F6E}.Debug|x86.ActiveCfg = Debug|Any CPU
		{693BFE85-7DA2-476F-95E3-801CB72D0F6E}.Debug|x86.Build.0 = Debug|Any CPU
		{693BFE85-7DA2-476F-95E3-801CB72D0F6E}.Release|Any CPU.ActiveCfg = Release|Any CPU
		{693BFE85-7DA2-476F-95E3-801CB72D0F6E}.Release|Any CPU.Build.0 = Release|Any CPU
		{693BFE85-7DA2-476F-95E3-801CB72D0F6E}.Release|ARM.ActiveCfg = Release|Any CPU
		{693BFE85-7DA2-476F-95E3-801CB72D0F6E}.Release|ARM.Build.0 = Release|Any CPU
		{693BFE85-7DA2-476F-95E3-801CB72D0F6E}.Release|x86.ActiveCfg = Release|Any CPU
		{693BFE85-7DA2-476F-95E3-801CB72D0F6E}.Release|x86.Build.0 = Release|Any CPU
		{D0AE97A7-36BA-48FF-AAA3-175334069C6F}.Debug|Any CPU.ActiveCfg = Debug|Any CPU
		{D0AE97A7-36BA-48FF-AAA3-175334069C6F}.Debug|Any CPU.Build.0 = Debug|Any CPU
		{D0AE97A7-36BA-48FF-AAA3-175334069C6F}.Debug|ARM.ActiveCfg = Debug|Any CPU
		{D0AE97A7-36BA-48FF-AAA3-175334069C6F}.Debug|ARM.Build.0 = Debug|Any CPU
		{D0AE97A7-36BA-48FF-AAA3-175334069C6F}.Debug|x86.ActiveCfg = Debug|Any CPU
		{D0AE97A7-36BA-48FF-AAA3-175334069C6F}.Debug|x86.Build.0 = Debug|Any CPU
		{D0AE97A7-36BA-48FF-AAA3-175334069C6F}.Release|Any CPU.ActiveCfg = Release|Any CPU
		{D0AE97A7-36BA-48FF-AAA3-175334069C6F}.Release|Any CPU.Build.0 = Release|Any CPU
		{D0AE97A7-36BA-48FF-AAA3-175334069C6F}.Release|ARM.ActiveCfg = Release|Any CPU
		{D0AE97A7-36BA-48FF-AAA3-175334069C6F}.Release|ARM.Build.0 = Release|Any CPU
		{D0AE97A7-36BA-48FF-AAA3-175334069C6F}.Release|x86.ActiveCfg = Release|Any CPU
		{D0AE97A7-36BA-48FF-AAA3-175334069C6F}.Release|x86.Build.0 = Release|Any CPU
		{60839888-144C-414D-B323-258AB5A46B2C}.Debug|Any CPU.ActiveCfg = Debug|Any CPU
		{60839888-144C-414D-B323-258AB5A46B2C}.Debug|Any CPU.Build.0 = Debug|Any CPU
		{60839888-144C-414D-B323-258AB5A46B2C}.Debug|ARM.ActiveCfg = Debug|Any CPU
		{60839888-144C-414D-B323-258AB5A46B2C}.Debug|ARM.Build.0 = Debug|Any CPU
		{60839888-144C-414D-B323-258AB5A46B2C}.Debug|x86.ActiveCfg = Debug|Any CPU
		{60839888-144C-414D-B323-258AB5A46B2C}.Debug|x86.Build.0 = Debug|Any CPU
		{60839888-144C-414D-B323-258AB5A46B2C}.Release|Any CPU.ActiveCfg = Release|Any CPU
		{60839888-144C-414D-B323-258AB5A46B2C}.Release|Any CPU.Build.0 = Release|Any CPU
		{60839888-144C-414D-B323-258AB5A46B2C}.Release|ARM.ActiveCfg = Release|Any CPU
		{60839888-144C-414D-B323-258AB5A46B2C}.Release|ARM.Build.0 = Release|Any CPU
		{60839888-144C-414D-B323-258AB5A46B2C}.Release|x86.ActiveCfg = Release|Any CPU
		{60839888-144C-414D-B323-258AB5A46B2C}.Release|x86.Build.0 = Release|Any CPU
		{D3DD47A1-14B8-4190-A7B2-67DF3E612457}.Debug|Any CPU.ActiveCfg = Debug|Any CPU
		{D3DD47A1-14B8-4190-A7B2-67DF3E612457}.Debug|Any CPU.Build.0 = Debug|Any CPU
		{D3DD47A1-14B8-4190-A7B2-67DF3E612457}.Debug|ARM.ActiveCfg = Debug|Any CPU
		{D3DD47A1-14B8-4190-A7B2-67DF3E612457}.Debug|ARM.Build.0 = Debug|Any CPU
		{D3DD47A1-14B8-4190-A7B2-67DF3E612457}.Debug|x86.ActiveCfg = Debug|Any CPU
		{D3DD47A1-14B8-4190-A7B2-67DF3E612457}.Debug|x86.Build.0 = Debug|Any CPU
		{D3DD47A1-14B8-4190-A7B2-67DF3E612457}.Release|Any CPU.ActiveCfg = Release|Any CPU
		{D3DD47A1-14B8-4190-A7B2-67DF3E612457}.Release|Any CPU.Build.0 = Release|Any CPU
		{D3DD47A1-14B8-4190-A7B2-67DF3E612457}.Release|ARM.ActiveCfg = Release|Any CPU
		{D3DD47A1-14B8-4190-A7B2-67DF3E612457}.Release|ARM.Build.0 = Release|Any CPU
		{D3DD47A1-14B8-4190-A7B2-67DF3E612457}.Release|x86.ActiveCfg = Release|Any CPU
		{D3DD47A1-14B8-4190-A7B2-67DF3E612457}.Release|x86.Build.0 = Release|Any CPU
		{608CFA0C-AAA4-4C07-9319-E4793E7E0D2E}.Debug|Any CPU.ActiveCfg = Debug|ARM
		{608CFA0C-AAA4-4C07-9319-E4793E7E0D2E}.Debug|ARM.ActiveCfg = Debug|ARM
		{608CFA0C-AAA4-4C07-9319-E4793E7E0D2E}.Debug|ARM.Build.0 = Debug|ARM
		{608CFA0C-AAA4-4C07-9319-E4793E7E0D2E}.Debug|x86.ActiveCfg = Debug|ARM
		{608CFA0C-AAA4-4C07-9319-E4793E7E0D2E}.Release|Any CPU.ActiveCfg = Release|ARM
		{608CFA0C-AAA4-4C07-9319-E4793E7E0D2E}.Release|ARM.ActiveCfg = Release|ARM
		{608CFA0C-AAA4-4C07-9319-E4793E7E0D2E}.Release|ARM.Build.0 = Release|ARM
		{608CFA0C-AAA4-4C07-9319-E4793E7E0D2E}.Release|x86.ActiveCfg = Release|ARM
		{99FDA50C-19A1-4574-ADB1-862999B5352C}.Debug|Any CPU.ActiveCfg = Debug|Any CPU
		{99FDA50C-19A1-4574-ADB1-862999B5352C}.Debug|Any CPU.Build.0 = Debug|Any CPU
		{99FDA50C-19A1-4574-ADB1-862999B5352C}.Debug|ARM.ActiveCfg = Debug|Any CPU
		{99FDA50C-19A1-4574-ADB1-862999B5352C}.Debug|ARM.Build.0 = Debug|Any CPU
		{99FDA50C-19A1-4574-ADB1-862999B5352C}.Debug|x86.ActiveCfg = Debug|Any CPU
		{99FDA50C-19A1-4574-ADB1-862999B5352C}.Debug|x86.Build.0 = Debug|Any CPU
		{99FDA50C-19A1-4574-ADB1-862999B5352C}.Release|Any CPU.ActiveCfg = Release|Any CPU
		{99FDA50C-19A1-4574-ADB1-862999B5352C}.Release|Any CPU.Build.0 = Release|Any CPU
		{99FDA50C-19A1-4574-ADB1-862999B5352C}.Release|ARM.ActiveCfg = Release|Any CPU
		{99FDA50C-19A1-4574-ADB1-862999B5352C}.Release|ARM.Build.0 = Release|Any CPU
		{99FDA50C-19A1-4574-ADB1-862999B5352C}.Release|x86.ActiveCfg = Release|Any CPU
		{99FDA50C-19A1-4574-ADB1-862999B5352C}.Release|x86.Build.0 = Release|Any CPU
		{25B4C4A2-2C7F-4AF9-84AD-F86BE8D95FAC}.Debug|Any CPU.ActiveCfg = Debug|Any CPU
		{25B4C4A2-2C7F-4AF9-84AD-F86BE8D95FAC}.Debug|Any CPU.Build.0 = Debug|Any CPU
		{25B4C4A2-2C7F-4AF9-84AD-F86BE8D95FAC}.Debug|ARM.ActiveCfg = Debug|Any CPU
		{25B4C4A2-2C7F-4AF9-84AD-F86BE8D95FAC}.Debug|ARM.Build.0 = Debug|Any CPU
		{25B4C4A2-2C7F-4AF9-84AD-F86BE8D95FAC}.Debug|x86.ActiveCfg = Debug|Any CPU
		{25B4C4A2-2C7F-4AF9-84AD-F86BE8D95FAC}.Debug|x86.Build.0 = Debug|Any CPU
		{25B4C4A2-2C7F-4AF9-84AD-F86BE8D95FAC}.Release|Any CPU.ActiveCfg = Release|Any CPU
		{25B4C4A2-2C7F-4AF9-84AD-F86BE8D95FAC}.Release|Any CPU.Build.0 = Release|Any CPU
		{25B4C4A2-2C7F-4AF9-84AD-F86BE8D95FAC}.Release|ARM.ActiveCfg = Release|Any CPU
		{25B4C4A2-2C7F-4AF9-84AD-F86BE8D95FAC}.Release|ARM.Build.0 = Release|Any CPU
		{25B4C4A2-2C7F-4AF9-84AD-F86BE8D95FAC}.Release|x86.ActiveCfg = Release|Any CPU
		{25B4C4A2-2C7F-4AF9-84AD-F86BE8D95FAC}.Release|x86.Build.0 = Release|Any CPU
		{94270C57-5EFE-44F8-AB59-E3DAA8C29FCF}.Debug|Any CPU.ActiveCfg = Debug|Any CPU
		{94270C57-5EFE-44F8-AB59-E3DAA8C29FCF}.Debug|Any CPU.Build.0 = Debug|Any CPU
		{94270C57-5EFE-44F8-AB59-E3DAA8C29FCF}.Debug|ARM.ActiveCfg = Debug|Any CPU
		{94270C57-5EFE-44F8-AB59-E3DAA8C29FCF}.Debug|ARM.Build.0 = Debug|Any CPU
		{94270C57-5EFE-44F8-AB59-E3DAA8C29FCF}.Debug|x86.ActiveCfg = Debug|Any CPU
		{94270C57-5EFE-44F8-AB59-E3DAA8C29FCF}.Debug|x86.Build.0 = Debug|Any CPU
		{94270C57-5EFE-44F8-AB59-E3DAA8C29FCF}.Release|Any CPU.ActiveCfg = Release|Any CPU
		{94270C57-5EFE-44F8-AB59-E3DAA8C29FCF}.Release|Any CPU.Build.0 = Release|Any CPU
		{94270C57-5EFE-44F8-AB59-E3DAA8C29FCF}.Release|ARM.ActiveCfg = Release|Any CPU
		{94270C57-5EFE-44F8-AB59-E3DAA8C29FCF}.Release|ARM.Build.0 = Release|Any CPU
		{94270C57-5EFE-44F8-AB59-E3DAA8C29FCF}.Release|x86.ActiveCfg = Release|Any CPU
		{94270C57-5EFE-44F8-AB59-E3DAA8C29FCF}.Release|x86.Build.0 = Release|Any CPU
		{8C22F75F-CF8D-4FEE-A363-5CD5AB8F5A91}.Debug|Any CPU.ActiveCfg = Debug|Any CPU
		{8C22F75F-CF8D-4FEE-A363-5CD5AB8F5A91}.Debug|Any CPU.Build.0 = Debug|Any CPU
		{8C22F75F-CF8D-4FEE-A363-5CD5AB8F5A91}.Debug|ARM.ActiveCfg = Debug|Any CPU
		{8C22F75F-CF8D-4FEE-A363-5CD5AB8F5A91}.Debug|ARM.Build.0 = Debug|Any CPU
		{8C22F75F-CF8D-4FEE-A363-5CD5AB8F5A91}.Debug|x86.ActiveCfg = Debug|Any CPU
		{8C22F75F-CF8D-4FEE-A363-5CD5AB8F5A91}.Debug|x86.Build.0 = Debug|Any CPU
		{8C22F75F-CF8D-4FEE-A363-5CD5AB8F5A91}.Release|Any CPU.ActiveCfg = Release|Any CPU
		{8C22F75F-CF8D-4FEE-A363-5CD5AB8F5A91}.Release|Any CPU.Build.0 = Release|Any CPU
		{8C22F75F-CF8D-4FEE-A363-5CD5AB8F5A91}.Release|ARM.ActiveCfg = Release|Any CPU
		{8C22F75F-CF8D-4FEE-A363-5CD5AB8F5A91}.Release|ARM.Build.0 = Release|Any CPU
		{8C22F75F-CF8D-4FEE-A363-5CD5AB8F5A91}.Release|x86.ActiveCfg = Release|Any CPU
		{8C22F75F-CF8D-4FEE-A363-5CD5AB8F5A91}.Release|x86.Build.0 = Release|Any CPU
		{81967A4A-C30A-43ED-AA91-2FF7778690A5}.Debug|Any CPU.ActiveCfg = Debug|Any CPU
		{81967A4A-C30A-43ED-AA91-2FF7778690A5}.Debug|Any CPU.Build.0 = Debug|Any CPU
		{81967A4A-C30A-43ED-AA91-2FF7778690A5}.Debug|ARM.ActiveCfg = Debug|Any CPU
		{81967A4A-C30A-43ED-AA91-2FF7778690A5}.Debug|ARM.Build.0 = Debug|Any CPU
		{81967A4A-C30A-43ED-AA91-2FF7778690A5}.Debug|x86.ActiveCfg = Debug|Any CPU
		{81967A4A-C30A-43ED-AA91-2FF7778690A5}.Debug|x86.Build.0 = Debug|Any CPU
		{81967A4A-C30A-43ED-AA91-2FF7778690A5}.Release|Any CPU.ActiveCfg = Release|Any CPU
		{81967A4A-C30A-43ED-AA91-2FF7778690A5}.Release|Any CPU.Build.0 = Release|Any CPU
		{81967A4A-C30A-43ED-AA91-2FF7778690A5}.Release|ARM.ActiveCfg = Release|Any CPU
		{81967A4A-C30A-43ED-AA91-2FF7778690A5}.Release|ARM.Build.0 = Release|Any CPU
		{81967A4A-C30A-43ED-AA91-2FF7778690A5}.Release|x86.ActiveCfg = Release|Any CPU
		{81967A4A-C30A-43ED-AA91-2FF7778690A5}.Release|x86.Build.0 = Release|Any CPU
		{C5F80730-F44F-4478-BDAE-6634EFC2CA88}.Debug|Any CPU.ActiveCfg = Debug|Win32
		{C5F80730-F44F-4478-BDAE-6634EFC2CA88}.Debug|ARM.ActiveCfg = Debug|Win32
		{C5F80730-F44F-4478-BDAE-6634EFC2CA88}.Debug|x86.ActiveCfg = Debug|Win32
		{C5F80730-F44F-4478-BDAE-6634EFC2CA88}.Debug|x86.Build.0 = Debug|Win32
		{C5F80730-F44F-4478-BDAE-6634EFC2CA88}.Release|Any CPU.ActiveCfg = Release|Win32
		{C5F80730-F44F-4478-BDAE-6634EFC2CA88}.Release|ARM.ActiveCfg = Release|Win32
		{C5F80730-F44F-4478-BDAE-6634EFC2CA88}.Release|x86.ActiveCfg = Release|Win32
		{C5F80730-F44F-4478-BDAE-6634EFC2CA88}.Release|x86.Build.0 = Release|Win32
	EndGlobalSection
	GlobalSection(SolutionProperties) = preSolution
		HideSolutionNode = FALSE
	EndGlobalSection
	GlobalSection(NestedProjects) = preSolution
		{693BFE85-7DA2-476F-95E3-801CB72D0F6E} = {5A646CAE-E720-48F0-BD22-3066240BF6E5}
		{D3DD47A1-14B8-4190-A7B2-67DF3E612457} = {5A646CAE-E720-48F0-BD22-3066240BF6E5}
		{99FDA50C-19A1-4574-ADB1-862999B5352C} = {5A646CAE-E720-48F0-BD22-3066240BF6E5}
		{25B4C4A2-2C7F-4AF9-84AD-F86BE8D95FAC} = {5A646CAE-E720-48F0-BD22-3066240BF6E5}
		{FDD40AF8-82C3-4961-B86C-D331A004239D} = {72BC6579-D242-49A2-BBA5-590E66912B98}
		{8C22F75F-CF8D-4FEE-A363-5CD5AB8F5A91} = {FDD40AF8-82C3-4961-B86C-D331A004239D}
		{81967A4A-C30A-43ED-AA91-2FF7778690A5} = {FDD40AF8-82C3-4961-B86C-D331A004239D}
	EndGlobalSection
	GlobalSection(ExtensibilityGlobals) = postSolution
		SolutionGuid = {74B11551-5C5F-4E54-9991-E371891354A5}
	EndGlobalSection
EndGlobal
